
Microsoft Visual Studio Solution File, Format Version 12.00
# Visual Studio 15
VisualStudioVersion = 15.0.28307.421
MinimumVisualStudioVersion = 10.0.40219.1
Project("{FAE04EC0-301F-11D3-BF4B-00C04F79EFBC}") = "курсовая", "курсовая\курсовая.csproj", "{68D94220-AE9F-4187-A644-ADC8F1D5D446}"
EndProject
Global
	GlobalSection(SolutionConfigurationPlatforms) = preSolution
		Debug|Any CPU = Debug|Any CPU
		Release|Any CPU = Release|Any CPU
	EndGlobalSection
	GlobalSection(ProjectConfigurationPlatforms) = postSolution
		{68D94220-AE9F-4187-A644-ADC8F1D5D446}.Debug|Any CPU.ActiveCfg = Debug|Any CPU
		{68D94220-AE9F-4187-A644-ADC8F1D5D446}.Debug|Any CPU.Build.0 = Debug|Any CPU
		{68D94220-AE9F-4187-A644-ADC8F1D5D446}.Release|Any CPU.ActiveCfg = Release|Any CPU
		{68D94220-AE9F-4187-A644-ADC8F1D5D446}.Release|Any CPU.Build.0 = Release|Any CPU
	EndGlobalSection
	GlobalSection(SolutionProperties) = preSolution
		HideSolutionNode = FALSE
	EndGlobalSection
	GlobalSection(ExtensibilityGlobals) = postSolution
		SolutionGuid = {B8447E78-E167-463F-AE1C-D4F11A963F69}
	EndGlobalSection
EndGlobal
